{
  "requires": true,
  "lockfileVersion": 1,
  "dependencies": {
    "zeynepjs": {
      "version": "1.0.2",
      "resolved": "https://registry.npmjs.org/zeynepjs/-/zeynepjs-1.0.2.tgz",
      "integrity": "sha512-WVxojUH789uYRXtpgt36out9lHyAt8E5e3Hk6qzR+js61VZSwKj8XVjw3TLO9Us8Fxw4w4ydrfBGybCMcSa9aQ=="
    }
  }
}
